PODS:
  - audioplayers_darwin (0.0.1):
    - Flutter
    - FlutterMacOS
  - Flutter (1.0.0)
  - opus_flutter_ios (0.0.2):
    - Flutter
  - path_provider_foundation (0.0.1):
    - Flutter
    - FlutterMacOS
  - permission_handler_apple (9.4.8):
    - Flutter
  - wifi_iot (0.0.1):
    - Flutter

DEPENDENCIES:
  - audioplayers_darwin (from `.symlinks/plugins/audioplayers_darwin/darwin`)
  - Flutter (from `Flutter`)
  - opus_flutter_ios (from `.symlinks/plugins/opus_flutter_ios/ios`)
  - path_provider_foundation (from `.symlinks/plugins/path_provider_foundation/darwin`)
  - permission_handler_apple (from `.symlinks/plugins/permission_handler_apple/ios`)
  - wifi_iot (from `.symlinks/plugins/wifi_iot/ios`)

EXTERNAL SOURCES:
  audioplayers_darwin:
    :path: ".symlinks/plugins/audioplayers_darwin/darwin"
  Flutter:
    :path: Flutter
  opus_flutter_ios:
    :path: ".symlinks/plugins/opus_flutter_ios/ios"
  path_provider_foundation:
    :path: ".symlinks/plugins/path_provider_foundation/darwin"
  permission_handler_apple:
    :path: ".symlinks/plugins/permission_handler_apple/ios"
  wifi_iot:
    :path: ".symlinks/plugins/wifi_iot/ios"

SPEC CHECKSUMS:
  audioplayers_darwin: f15e209a3e856d1a7edcf98dc029f484fead2242
  Flutter: cabc95a1d2626b1b06e7179b784ebcf0c0cde467
  opus_flutter_ios: 3df5f9d5bedf0818e7e2c9b94b7baf8d837101c4
  path_provider_foundation: 0b743cbb62d8e47eab856f09262bb8c1ddcfe6ba
  permission_handler_apple: ee2fe0fd04551b304eb002714ff067c371c822ed
  wifi_iot: b5aafd6f9b52f8a357383a1deabab45f31cd602d

PODFILE CHECKSUM: 15ee65703ef15d62208cff904d5ef389522af61a

COCOAPODS: 1.16.2
